Microsoft Visual Studio Solution File, Format Version 11.00
# Visual Studio 2008

Project("{7EF9B6CC-B93B-4ABB-868D-A263F7F7B2EC}") = "Mistborn Arena", "Assembly-CSharp-firstpass-vs.csproj", "{12BBF44B-9FEB-C58D-46F5-99CC20D075DF}"
EndProject
Project("{7EF9B6CC-B93B-4ABB-868D-A263F7F7B2EC}") = "Mistborn Arena", "Assembly-CSharp-vs.csproj", "{172D398F-2AC9-B0F6-6D89-23632BD0CE06}"
EndProject
Global
	GlobalSection(SolutionConfigurationPlatforms) = preSolution
		Debug|Any CPU = Debug|Any CPU
		Release|Any CPU = Release|Any CPU
	EndGlobalSection
	GlobalSection(ProjectConfigurationPlatforms) = postSolution
		{12BBF44B-9FEB-C58D-46F5-99CC20D075DF}.Debug|Any CPU.ActiveCfg = Debug|Any CPU
		{12BBF44B-9FEB-C58D-46F5-99CC20D075DF}.Debug|Any CPU.Build.0 = Debug|Any CPU
		{12BBF44B-9FEB-C58D-46F5-99CC20D075DF}.Release|Any CPU.ActiveCfg = Release|Any CPU
		{12BBF44B-9FEB-C58D-46F5-99CC20D075DF}.Release|Any CPU.Build.0 = Release|Any CPU
		{172D398F-2AC9-B0F6-6D89-23632BD0CE06}.Debug|Any CPU.ActiveCfg = Debug|Any CPU
		{172D398F-2AC9-B0F6-6D89-23632BD0CE06}.Debug|Any CPU.Build.0 = Debug|Any CPU
		{172D398F-2AC9-B0F6-6D89-23632BD0CE06}.Release|Any CPU.ActiveCfg = Release|Any CPU
		{172D398F-2AC9-B0F6-6D89-23632BD0CE06}.Release|Any CPU.Build.0 = Release|Any CPU
	EndGlobalSection
	GlobalSection(SolutionProperties) = preSolution
		HideSolutionNode = FALSE
	EndGlobalSection
																																												GlobalSection(MonoDevelopProperties) = preSolution
		StartupItem = Assembly-CSharp.csproj
		Policies = $0
		$0.TextStylePolicy = $1
		$1.inheritsSet = null
		$1.scope = text/x-csharp
		$0.CSharpFormattingPolicy = $2
		$2.inheritsSet = Mono
		$2.inheritsScope = text/x-csharp
		$2.scope = text/x-csharp
		$0.TextStylePolicy = $3
		$3.FileWidth = 120
		$3.TabWidth = 4
		$3.IndentWidth = 4
		$3.EolMarker = Unix
		$3.inheritsSet = Mono
		$3.inheritsScope = text/plain
		$3.scope = text/plain
	EndGlobalSection

EndGlobal
