Microsoft Visual Studio Solution File, Format Version 11.00
# Visual Studio 2008

Project("{FCF53211-8C21-C3BE-5CAC-33DFC1143577}") = "Totally Not Dwarf Fortress", "Assembly-CSharp-firstpass.csproj", "{72928032-6E85-028D-DFB7-4647B11C39FF}"
EndProject
Project("{FCF53211-8C21-C3BE-5CAC-33DFC1143577}") = "Totally Not Dwarf Fortress", "Assembly-CSharp.csproj", "{D318AF1E-0CE6-6D68-F85B-75364A371562}"
EndProject
Project("{FCF53211-8C21-C3BE-5CAC-33DFC1143577}") = "Totally Not Dwarf Fortress", "Assembly-CSharp-Editor.csproj", "{384B16CE-F5FE-A3C6-CD75-11569CA8750E}"
EndProject
Global
	GlobalSection(SolutionConfigurationPlatforms) = preSolution
		Debug|Any CPU = Debug|Any CPU
		Release|Any CPU = Release|Any CPU
	EndGlobalSection
	GlobalSection(ProjectConfigurationPlatforms) = postSolution
		{72928032-6E85-028D-DFB7-4647B11C39FF}.Debug|Any CPU.ActiveCfg = Debug|Any CPU
		{72928032-6E85-028D-DFB7-4647B11C39FF}.Debug|Any CPU.Build.0 = Debug|Any CPU
		{72928032-6E85-028D-DFB7-4647B11C39FF}.Release|Any CPU.ActiveCfg = Release|Any CPU
		{72928032-6E85-028D-DFB7-4647B11C39FF}.Release|Any CPU.Build.0 = Release|Any CPU
		{D318AF1E-0CE6-6D68-F85B-75364A371562}.Debug|Any CPU.ActiveCfg = Debug|Any CPU
		{D318AF1E-0CE6-6D68-F85B-75364A371562}.Debug|Any CPU.Build.0 = Debug|Any CPU
		{D318AF1E-0CE6-6D68-F85B-75364A371562}.Release|Any CPU.ActiveCfg = Release|Any CPU
		{D318AF1E-0CE6-6D68-F85B-75364A371562}.Release|Any CPU.Build.0 = Release|Any CPU
		{384B16CE-F5FE-A3C6-CD75-11569CA8750E}.Debug|Any CPU.ActiveCfg = Debug|Any CPU
		{384B16CE-F5FE-A3C6-CD75-11569CA8750E}.Debug|Any CPU.Build.0 = Debug|Any CPU
		{384B16CE-F5FE-A3C6-CD75-11569CA8750E}.Release|Any CPU.ActiveCfg = Release|Any CPU
		{384B16CE-F5FE-A3C6-CD75-11569CA8750E}.Release|Any CPU.Build.0 = Release|Any CPU
	EndGlobalSection
	GlobalSection(SolutionProperties) = preSolution
		HideSolutionNode = FALSE
	EndGlobalSection
	GlobalSection(MonoDevelopProperties) = preSolution
		StartupItem = Assembly-CSharp.csproj
	EndGlobalSection
EndGlobal
